
Microsoft Visual Studio Solution File, Format Version 12.00
# Visual Studio 14
VisualStudioVersion = 14.0.23107.0
MinimumVisualStudioVersion = 10.0.40219.1
Project("{8BC9CEB8-8B4A-11D0-8D11-00A0C91BC942}") = "ProjectAsahi", "ProjectAsahi\ProjectAsahi.vcxproj", "{1BFAB579-860E-4157-B420-50B10A830ADE}"
EndProject
Project("{FAE04EC0-301F-11D3-BF4B-00C04F79EFBC}") = "ScriptReader", "ScriptReader\ScriptReader.csproj", "{25611301-05FC-4582-8B05-92632EBADACE}"
EndProject
Project("{D954291E-2A0B-460D-934E-DC6B0785DB48}") = "Script.Shared", "Script.Shared\Script.Shared.shproj", "{09768926-8675-41C7-B7C8-DF232471A458}"
EndProject
Global
	GlobalSection(SharedMSBuildProjectFiles) = preSolution
		Script.Shared\Script.Shared.projitems*{25611301-05fc-4582-8b05-92632ebadace}*SharedItemsImports = 4
		Script.Shared\Script.Shared.projitems*{09768926-8675-41c7-b7c8-df232471a458}*SharedItemsImports = 13
	EndGlobalSection
	GlobalSection(SolutionConfigurationPlatforms) = preSolution
		Debug|Any CPU = Debug|Any CPU
		Debug|ARM = Debug|ARM
		Debug|x64 = Debug|x64
		Debug|x86 = Debug|x86
		Release|Any CPU = Release|Any CPU
		Release|ARM = Release|ARM
		Release|x64 = Release|x64
		Release|x86 = Release|x86
	EndGlobalSection
	GlobalSection(ProjectConfigurationPlatforms) = postSolution
		{1BFAB579-860E-4157-B420-50B10A830ADE}.Debug|Any CPU.ActiveCfg = Debug|Win32
		{1BFAB579-860E-4157-B420-50B10A830ADE}.Debug|ARM.ActiveCfg = Debug|ARM
		{1BFAB579-860E-4157-B420-50B10A830ADE}.Debug|ARM.Build.0 = Debug|ARM
		{1BFAB579-860E-4157-B420-50B10A830ADE}.Debug|ARM.Deploy.0 = Debug|ARM
		{1BFAB579-860E-4157-B420-50B10A830ADE}.Debug|x64.ActiveCfg = Debug|x64
		{1BFAB579-860E-4157-B420-50B10A830ADE}.Debug|x64.Build.0 = Debug|x64
		{1BFAB579-860E-4157-B420-50B10A830ADE}.Debug|x64.Deploy.0 = Debug|x64
		{1BFAB579-860E-4157-B420-50B10A830ADE}.Debug|x86.ActiveCfg = Debug|Win32
		{1BFAB579-860E-4157-B420-50B10A830ADE}.Debug|x86.Build.0 = Debug|Win32
		{1BFAB579-860E-4157-B420-50B10A830ADE}.Debug|x86.Deploy.0 = Debug|Win32
		{1BFAB579-860E-4157-B420-50B10A830ADE}.Release|Any CPU.ActiveCfg = Release|Win32
		{1BFAB579-860E-4157-B420-50B10A830ADE}.Release|ARM.ActiveCfg = Release|ARM
		{1BFAB579-860E-4157-B420-50B10A830ADE}.Release|ARM.Build.0 = Release|ARM
		{1BFAB579-860E-4157-B420-50B10A830ADE}.Release|ARM.Deploy.0 = Release|ARM
		{1BFAB579-860E-4157-B420-50B10A830ADE}.Release|x64.ActiveCfg = Release|x64
		{1BFAB579-860E-4157-B420-50B10A830ADE}.Release|x64.Build.0 = Release|x64
		{1BFAB579-860E-4157-B420-50B10A830ADE}.Release|x64.Deploy.0 = Release|x64
		{1BFAB579-860E-4157-B420-50B10A830ADE}.Release|x86.ActiveCfg = Release|Win32
		{1BFAB579-860E-4157-B420-50B10A830ADE}.Release|x86.Build.0 = Release|Win32
		{1BFAB579-860E-4157-B420-50B10A830ADE}.Release|x86.Deploy.0 = Release|Win32
		{25611301-05FC-4582-8B05-92632EBADACE}.Debug|Any CPU.ActiveCfg = Debug|Any CPU
		{25611301-05FC-4582-8B05-92632EBADACE}.Debug|Any CPU.Build.0 = Debug|Any CPU
		{25611301-05FC-4582-8B05-92632EBADACE}.Debug|ARM.ActiveCfg = Debug|ARM
		{25611301-05FC-4582-8B05-92632EBADACE}.Debug|ARM.Build.0 = Debug|ARM
		{25611301-05FC-4582-8B05-92632EBADACE}.Debug|x64.ActiveCfg = Debug|x64
		{25611301-05FC-4582-8B05-92632EBADACE}.Debug|x64.Build.0 = Debug|x64
		{25611301-05FC-4582-8B05-92632EBADACE}.Debug|x86.ActiveCfg = Debug|x86
		{25611301-05FC-4582-8B05-92632EBADACE}.Debug|x86.Build.0 = Debug|x86
		{25611301-05FC-4582-8B05-92632EBADACE}.Release|Any CPU.ActiveCfg = Release|Any CPU
		{25611301-05FC-4582-8B05-92632EBADACE}.Release|Any CPU.Build.0 = Release|Any CPU
		{25611301-05FC-4582-8B05-92632EBADACE}.Release|ARM.ActiveCfg = Release|ARM
		{25611301-05FC-4582-8B05-92632EBADACE}.Release|ARM.Build.0 = Release|ARM
		{25611301-05FC-4582-8B05-92632EBADACE}.Release|x64.ActiveCfg = Release|x64
		{25611301-05FC-4582-8B05-92632EBADACE}.Release|x64.Build.0 = Release|x64
		{25611301-05FC-4582-8B05-92632EBADACE}.Release|x86.ActiveCfg = Release|x86
		{25611301-05FC-4582-8B05-92632EBADACE}.Release|x86.Build.0 = Release|x86
	EndGlobalSection
	GlobalSection(SolutionProperties) = preSolution
		HideSolutionNode = FALSE
	EndGlobalSection
EndGlobal
