<?xml version="1.0" encoding="utf-8"?>
<Project ToolsVersion="4.0" xmlns="http://schemas.microsoft.com/developer/msbuild/2003">
  <ItemGroup>
    <Filter Include="通用">
      <UniqueIdentifier>1bfab579-860e-4157-b420-50b10a830ade</UniqueIdentifier>
    </Filter>
    <Filter Include="资产">
      <UniqueIdentifier>f22cb80a-428b-41cb-bcc7-7da2ad617e75</UniqueIdentifier>
      <Extensions>bmp;fbx;gif;jpg;jpeg;tga;tiff;tif;png</Extensions>
    </Filter>
    <ClInclude Include="Common\DirectXHelper.h">
      <Filter>通用</Filter>
    </ClInclude>
    <ClInclude Include="Common\DeviceResources.h">
      <Filter>通用</Filter>
    </ClInclude>
    <ClCompile Include="Common\DeviceResources.cpp">
      <Filter>通用</Filter>
    </ClCompile>
    <Filter Include="Entities">
      <UniqueIdentifier>{889dbb8f-591a-46ea-bf7d-72d92a2d02cf}</UniqueIdentifier>
    </Filter>
    <Filter Include="GameScreens">
      <UniqueIdentifier>{fd0b47e2-f34c-4342-b99f-1d1244a883b5}</UniqueIdentifier>
    </Filter>
    <Filter Include="Model">
      <UniqueIdentifier>{27415a64-078c-47b4-92ea-99de69234f33}</UniqueIdentifier>
    </Filter>
    <Filter Include="GamePages">
      <UniqueIdentifier>{ea4be10f-3ca1-4c8c-97aa-c35af0d75a1f}</UniqueIdentifier>
    </Filter>
    <Filter Include="Movie">
      <UniqueIdentifier>{4237556c-3172-4bba-b386-b3ad641ad9cb}</UniqueIdentifier>
    </Filter>
  </ItemGroup>
  <ItemGroup>
    <ApplicationDefinition Include="App.xaml" />
  </ItemGroup>
  <ItemGroup>
    <ClCompile Include="App.xaml.cpp" />
    <ClCompile Include="ProjectAsahiMain.cpp" />
    <ClCompile Include="DirectXPage.xaml.cpp" />
    <ClCompile Include="pch.cpp" />
    <ClCompile Include="Common\Timer.cpp">
      <Filter>通用</Filter>
    </ClCompile>
    <ClCompile Include="GameScreens\GamePlayScreen.cpp">
      <Filter>GameScreens</Filter>
    </ClCompile>
    <ClCompile Include="GameScreens\GameScreenBase.cpp">
      <Filter>GameScreens</Filter>
    </ClCompile>
    <ClCompile Include="GameScreens\MenuScreen.cpp">
      <Filter>GameScreens</Filter>
    </ClCompile>
    <ClCompile Include="Common\Interpreter.cpp">
      <Filter>通用</Filter>
    </ClCompile>
    <ClCompile Include="Common\Loader.cpp">
      <Filter>通用</Filter>
    </ClCompile>
    <ClCompile Include="Common\MediaEngine.cpp">
      <Filter>通用</Filter>
    </ClCompile>
    <ClCompile Include="Common\TextRenderer.cpp">
      <Filter>通用</Filter>
    </ClCompile>
    <ClCompile Include="GamePages\GamePlayPage.xaml.cpp" />
    <ClCompile Include="GamePages\LogoPage.xaml.cpp" />
    <ClCompile Include="GamePages\MenuPage.xaml.cpp" />
    <ClCompile Include="GamePages\SavePage.xaml.cpp" />
    <ClCompile Include="Common\CacheManager.cpp">
      <Filter>通用</Filter>
    </ClCompile>
    <ClCompile Include="GamePages\BackLogPage.xaml.cpp" />
    <ClCompile Include="GamePages\SelectionPage.xaml.cpp" />
  </ItemGroup>
  <ItemGroup>
    <ClInclude Include="App.xaml.h" />
    <ClInclude Include="ProjectAsahiMain.h" />
    <ClInclude Include="DirectXPage.xaml.h" />
    <ClInclude Include="pch.h" />
    <ClInclude Include="Common\Timer.h">
      <Filter>通用</Filter>
    </ClInclude>
    <ClInclude Include="Entities\GameState.h">
      <Filter>Entities</Filter>
    </ClInclude>
    <ClInclude Include="GameScreens\GamePlayScreen.h">
      <Filter>GameScreens</Filter>
    </ClInclude>
    <ClInclude Include="GameScreens\GameScreenBase.h">
      <Filter>GameScreens</Filter>
    </ClInclude>
    <ClInclude Include="GameScreens\MenuScreen.h">
      <Filter>GameScreens</Filter>
    </ClInclude>
    <ClInclude Include="Common\Interpreter.h">
      <Filter>通用</Filter>
    </ClInclude>
    <ClInclude Include="Common\Loader.h">
      <Filter>通用</Filter>
    </ClInclude>
    <ClInclude Include="Common\MediaEngine.h">
      <Filter>通用</Filter>
    </ClInclude>
    <ClInclude Include="Common\TextRenderer.h">
      <Filter>通用</Filter>
    </ClInclude>
    <ClInclude Include="Model\CharaModel.h">
      <Filter>Model</Filter>
    </ClInclude>
    <ClInclude Include="GamePages\GamePlayPage.xaml.h" />
    <ClInclude Include="GamePages\LogoPage.xaml.h" />
    <ClInclude Include="GamePages\MenuPage.xaml.h" />
    <ClInclude Include="Entities\SavePageType.h">
      <Filter>Entities</Filter>
    </ClInclude>
    <ClInclude Include="GamePages\SavePage.xaml.h" />
    <ClInclude Include="Model\BackLogModel.h">
      <Filter>Model</Filter>
    </ClInclude>
    <ClInclude Include="Common\CacheManager.h">
      <Filter>通用</Filter>
    </ClInclude>
    <ClInclude Include="GamePages\BackLogPage.xaml.h" />
    <ClInclude Include="Model\SettingModel.h">
      <Filter>Model</Filter>
    </ClInclude>
    <ClInclude Include="Model\SelectionModel.h">
      <Filter>Model</Filter>
    </ClInclude>
    <ClInclude Include="GamePages\SelectionPage.xaml.h" />
  </ItemGroup>
  <ItemGroup>
    <Image Include="Assets\Square150x150Logo.scale-400.png">
      <Filter>资产</Filter>
    </Image>
    <Image Include="Assets\Square150x150Logo.scale-200.png">
      <Filter>资产</Filter>
    </Image>
    <Image Include="Assets\Square44x44Logo.scale-400.png">
      <Filter>资产</Filter>
    </Image>
    <Image Include="Assets\SplashScreen.scale-100.png">
      <Filter>资产</Filter>
    </Image>
    <Image Include="Assets\StoreLogo.scale-400.png">
      <Filter>资产</Filter>
    </Image>
    <Image Include="Assets\SplashScreen.scale-125.png">
      <Filter>资产</Filter>
    </Image>
    <Image Include="Assets\SplashScreen.scale-150.png">
      <Filter>资产</Filter>
    </Image>
    <Image Include="Assets\SplashScreen.scale-200.png">
      <Filter>资产</Filter>
    </Image>
    <Image Include="Assets\SplashScreen.scale-400.png">
      <Filter>资产</Filter>
    </Image>
  </ItemGroup>
  <ItemGroup>
    <AppxManifest Include="Package.appxmanifest" />
  </ItemGroup>
  <ItemGroup>
    <None Include="ProjectAsahi_TemporaryKey.pfx" />
    <None Include="Package.StoreAssociation.xml" />
    <None Include="ProjectAsahi_StoreKey.pfx" />
    <None Include="Data.zip" />
  </ItemGroup>
  <ItemGroup>
    <Page Include="GamePages\MenuPage.xaml">
      <Filter>GamePages</Filter>
    </Page>
    <Page Include="GamePages\LogoPage.xaml">
      <Filter>GamePages</Filter>
    </Page>
    <Page Include="GamePages\GamePlayPage.xaml">
      <Filter>GamePages</Filter>
    </Page>
    <Page Include="GamePages\SavePage.xaml">
      <Filter>GamePages</Filter>
    </Page>
    <Page Include="DirectXPage.xaml">
      <Filter>GamePages</Filter>
    </Page>
    <Page Include="GamePages\BackLogPage.xaml">
      <Filter>GamePages</Filter>
    </Page>
    <Page Include="GamePages\SelectionPage.xaml">
      <Filter>GamePages</Filter>
    </Page>
  </ItemGroup>
  <ItemGroup>
    <Media Include="Movie\logo.mp4">
      <Filter>Movie</Filter>
    </Media>
  </ItemGroup>
</Project>